{
  "name": "<%=name%>",
  "version": "1.0.0",
  "lockfileVersion": 1,
  "requires": true,
  "dependencies": {
    "@webassemblyjs/ast": {
      "version": "1.8.5",
      "resolved": "http://registry.npm.taobao.org/@webassemblyjs/ast/download/@webassemblyjs/ast-1.8.5.tgz",
      "integrity": "sha1-UbHF/mV2o0lTv0slPfnw1JDZ41k=",
      "dev": true,
      "requires": {
        "@webassemblyjs/helper-module-context": "1.8.5",
        "@webassemblyjs/helper-wasm-bytecode": "1.8.5",
        "@webassemblyjs/wast-parser": "1.8.5"
      }
    },
    "@webassemblyjs/floating-point-hex-parser": {
      "version": "1.8.5",
      "resolved": "http://registry.npm.taobao.org/@webassemblyjs/floating-point-hex-parser/download/@webassemblyjs/floating-point-hex-parser-1.8.5.tgz",
      "integrity": "sha1-G6kmopI2E+3OSW/VsC6M6KX0lyE=",
      "dev": true
    },
    "@webassemblyjs/helper-api-error": {
      "version": "1.8.5",
      "resolved": "http://registry.npm.taobao.org/@webassemblyjs/helper-api-error/download/@webassemblyjs/helper-api-error-1.8.5.tgz",
      "integrity": "sha1-xJ2tIvZFInxe22EL25aX8aq3Ifc=",
      "dev": true
    },
    "@webassemblyjs/helper-code-frame": {
      "version": "1.8.5",
      "resolved": "http://registry.npm.taobao.org/@webassemblyjs/helper-code-frame/download/@webassemblyjs/helper-code-frame-1.8.5.tgz",
      "integrity": "sha1-mnQP9I4/qjAisd/1RCPfmqKTwl4=",
      "dev": true,
      "requires": {
        "@webassemblyjs/wast-printer": "1.8.5"
      }
    },
    "@webassemblyjs/helper-fsm": {
      "version": "1.8.5",
      "resolved": "http://registry.npm.taobao.org/@webassemblyjs/helper-fsm/download/@webassemblyjs/helper-fsm-1.8.5.tgz",
      "integrity": "sha1-ugt9Oz9+RzPaYFnJMyJ12GBwJFI=",
      "dev": true
    },
    "@webassemblyjs/helper-module-context": {
      "version": "1.8.5",
      "resolved": "http://registry.npm.taobao.org/@webassemblyjs/helper-module-context/download/@webassemblyjs/helper-module-context-1.8.5.tgz",
      "integrity": "sha1-3vS5knsBAdyMu9jR7bW3ucguskU=",
      "dev": true,
      "requires": {
        "@webassemblyjs/ast": "1.8.5",
        "mamacro": "^0.0.3"
      }
    },
    "@webassemblyjs/helper-wasm-bytecode": {
      "version": "1.8.5",
      "resolved": "http://registry.npm.taobao.org/@webassemblyjs/helper-wasm-bytecode/download/@webassemblyjs/helper-wasm-bytecode-1.8.5.tgz",
      "integrity": "sha1-U3p1Dt31weky83RCBlUckcG5PmE=",
      "dev": true
    },
    "@webassemblyjs/wast-parser": {
      "version": "1.8.5",
      "resolved": "http://registry.npm.taobao.org/@webassemblyjs/wast-parser/download/@webassemblyjs/wast-parser-1.8.5.tgz",
      "integrity": "sha1-4Q7s1ULQ5705T2gnxJ899tTu+4w=",
      "dev": true,
      "requires": {
        "@webassemblyjs/ast": "1.8.5",
        "@webassemblyjs/floating-point-hex-parser": "1.8.5",
        "@webassemblyjs/helper-api-error": "1.8.5",
        "@webassemblyjs/helper-code-frame": "1.8.5",
        "@webassemblyjs/helper-fsm": "1.8.5",
        "@xtuc/long": "4.2.2"
      }
    },
    "@webassemblyjs/wast-printer": {
      "version": "1.8.5",
      "resolved": "http://registry.npm.taobao.org/@webassemblyjs/wast-printer/download/@webassemblyjs/wast-printer-1.8.5.tgz",
      "integrity": "sha1-EUu8SB/RDKDiOzVg+oEnSLC65bw=",
      "dev": true,
      "requires": {
        "@webassemblyjs/ast": "1.8.5",
        "@webassemblyjs/wast-parser": "1.8.5",
        "@xtuc/long": "4.2.2"
      }
    },
    "@xtuc/long": {
      "version": "4.2.2",
      "resolved": "http://registry.npm.taobao.org/@xtuc/long/download/@xtuc/long-4.2.2.tgz",
      "integrity": "sha1-0pHGpOl5ibXGHZrPOWrk/hM6cY0=",
      "dev": true
    },
    "expand-tilde": {
      "version": "2.0.2",
      "resolved": "https://registry.npmjs.org/expand-tilde/-/expand-tilde-2.0.2.tgz",
      "integrity": "sha1-l+gBqgUt8CRU3kawK/YhZCzchQI=",
      "dev": true,
      "requires": {
        "homedir-polyfill": "^1.0.1"
      }
    },
    "global-prefix": {
      "version": "1.0.2",
      "resolved": "https://registry.npmjs.org/global-prefix/-/global-prefix-1.0.2.tgz",
      "integrity": "sha1-2/dDxsFJklk8ZVVoy2btMsASLr4=",
      "dev": true,
      "requires": {
        "expand-tilde": "^2.0.2",
        "homedir-polyfill": "^1.0.1",
        "ini": "^1.3.4",
        "is-windows": "^1.0.1",
        "which": "^1.2.14"
      }
    },
    "homedir-polyfill": {
      "version": "1.0.3",
      "resolved": "https://registry.npmjs.org/homedir-polyfill/-/homedir-polyfill-1.0.3.tgz",
      "integrity": "sha512-eSmmWE5bZTK2Nou4g0AI3zZ9rswp7GRKoKXS1BLUkvPviOqs4YTN1djQIqrXy9k5gEtdLPy86JjRwsNM9tnDcA==",
      "dev": true,
      "requires": {
        "parse-passwd": "^1.0.0"
      }
    },
    "ini": {
      "version": "1.3.5",
      "resolved": "https://registry.npmjs.org/ini/-/ini-1.3.5.tgz",
      "integrity": "sha512-RZY5huIKCMRWDUqZlEi72f/lmXKMvuszcMBduliQ3nnWbx9X/ZBQO7DijMEYS9EhHBb2qacRUMtC7svLwe0lcw==",
      "dev": true
    },
    "is-windows": {
      "version": "1.0.2",
      "resolved": "https://registry.npmjs.org/is-windows/-/is-windows-1.0.2.tgz",
      "integrity": "sha512-eXK1UInq2bPmjyX6e3VHIzMLobc4J94i4AWn+Hpq3OU5KkrRC96OAcR3PRJ/pGu6m8TRnBHP9dkXQVsT/COVIA==",
      "dev": true
    },
    "isexe": {
      "version": "2.0.0",
      "resolved": "https://registry.npmjs.org/isexe/-/isexe-2.0.0.tgz",
      "integrity": "sha1-6PvzdNxVb/iUehDcsFctYz8s+hA=",
      "dev": true
    },
    "mamacro": {
      "version": "0.0.3",
      "resolved": "https://registry.npm.taobao.org/mamacro/download/mamacro-0.0.3.tgz",
      "integrity": "sha1-rSyVdhl8nxq/MI0Hh4Zb2XWj8+Q=",
      "dev": true
    },
    "parse-passwd": {
      "version": "1.0.0",
      "resolved": "https://registry.npmjs.org/parse-passwd/-/parse-passwd-1.0.0.tgz",
      "integrity": "sha1-bVuTSkVpk7I9N/QKOC1vFmao5cY=",
      "dev": true
    },
    "resolve-dir": {
      "version": "1.0.1",
      "resolved": "https://registry.npmjs.org/resolve-dir/-/resolve-dir-1.0.1.tgz",
      "integrity": "sha1-eaQGRMNivoLybv/nOcm7U4IEb0M=",
      "dev": true,
      "requires": {
        "expand-tilde": "^2.0.0",
        "global-modules": "^1.0.0"
      },
      "dependencies": {
        "global-modules": {
          "version": "1.0.0",
          "resolved": "https://registry.npmjs.org/global-modules/-/global-modules-1.0.0.tgz",
          "integrity": "sha512-sKzpEkf11GpOFuw0Zzjzmt4B4UZwjOcG757PPvrfhxcLFbq0wpsgpOqxpxtxFiCG4DtG93M6XRVbF2oGdev7bg==",
          "dev": true,
          "requires": {
            "global-prefix": "^1.0.1",
            "is-windows": "^1.0.1",
            "resolve-dir": "^1.0.0"
          }
        }
      }
    },
    "which": {
      "version": "1.3.1",
      "resolved": "https://registry.npmjs.org/which/-/which-1.3.1.tgz",
      "integrity": "sha512-HxJdYWq1MTIQbJ3nw0cqssHoTNU267KlrDuGZ1WYlxDStUtKUhOaJmh112/TZmHxxUfuJqPXSOm7tDyas0OSIQ==",
      "dev": true,
      "requires": {
        "isexe": "^2.0.0"
      }
    }
  }
}
